version = 1
revision = 3
requires-python = "==3.12.*"

[[package]]
name = "aiocache"
version = "0.12.3"
source = { registry = "https://pypi.org/simple" }
sdist = { url = "https://files.pythonhosted.org/packages/7a/64/b945b8025a9d1e6e2138845f4022165d3b337f55f50984fbc6a4c0a1e355/aiocache-0.12.3.tar.gz", hash = "sha256:f528b27bf4d436b497a1d0d1a8f59a542c153ab1e37c3621713cb376d44c4713", size = 132196, upload-time = "2024-09-25T13:20:23.823Z" }
wheels = [
    { url = "https://files.pythonhosted.org/packages/37/d7/15d67e05b235d1ed8c3ce61688fe4d84130e72af1657acadfaac3479f4cf/aiocache-0.12.3-py2.py3-none-any.whl", hash = "sha256:889086fc24710f431937b87ad3720a289f7fc31c4fd8b68e9f918b9bacd8270d", size = 28199, upload-time = "2024-09-25T13:20:22.688Z" },
]

[[package]]
name = "annotated-types"
version = "0.8.0"
source = { registry = "https://pypi.org/simple" }
sdist = { url = "https://files.pythonhosted.org/packages/5f/56/a8120250d128bed162cd73c76d45f6ef9991f3e068f62a8ee060afa3104a/annotated_types-0.8.0.tar.gz", hash = "sha256:13b2beaad985e05e2d6407ee4c4f35590b11f8d693a258a561055cac8f64cab7", size = 15893, upload-time = "2026-07-23T20:16:13.995Z" }
wheels = [
    { url = "https://files.pythonhosted.org/packages/99/91/8acff4f5e50511b911bbccb72b8628a49c68ce14148cd9f6431094859a90/annotated_types-0.8.0-py3-none-any.whl", hash = "sha256:f072f4d804ea359e4eaf198b1af7a8b0943881a87f31bb764f8bf219bb9419e0", size = 13427, upload-time = "2026-07-23T20:16:12.938Z" },
]

[[package]]
name = "anyio"
version = "4.14.2"
source = { registry = "https://pypi.org/simple" }
dependencies = [
    { name = "idna" },
    { name = "typing-extensions" },
]
sdist = { url = "https://files.pythonhosted.org/packages/61/cc/a381afa6efea9f496eff839d4a6a1aed3bfafc7b3ab4b0d1b243a12573dd/anyio-4.14.2.tar.gz", hash = "sha256:cfa139f3ed1a23ee8f88a145ddb5ac7605b8bbfd8592baacd7ce3d8bb4313c7f", size = 260176, upload-time = "2026-07-12T20:29:07.082Z" }
wheels = [
    { url = "https://files.pythonhosted.org/packages/da/35/f2287558c17e29fafc8ef3daf819bb9834061cfa43bff8014f7df7f63bdc/anyio-4.14.2-py3-none-any.whl", hash = "sha256:9f505dda5ac9f0c8309b5e8bd445a8c2bf7246f3ce950121e45ea15bc41d1494", size = 125813, upload-time = "2026-07-12T20:29:05.763Z" },
]

[[package]]
name = "azure-functions"
version = "1.25.0"
source = { registry = "https://pypi.org/simple" }
dependencies = [
    { name = "werkzeug" },
]
sdist = { url = "https://files.pythonhosted.org/packages/6f/eb/745418bd7ae135068a88dcd2e0b3cefd526068a7bbe55cc29d5fb5919080/azure_functions-1.25.0.tar.gz", hash = "sha256:3c737657110b6cfd14e6871515ab66c377b9ceecaca8dcbf5b391d2433424756", size = 143938, upload-time = "2026-08-05T19:12:50.176Z" }
wheels = [
    { url = "https://files.pythonhosted.org/packages/a8/21/9374de0e429e7a45090c097111fbbcdea019e726b252cbb35428a816ed1c/azure_functions-1.25.0-py3-none-any.whl", hash = "sha256:0d01e52c0871a01a65911bc163a0dfd7f09725ba43cea17a09909cc5d298c1d2", size = 113831, upload-time = "2026-08-05T19:12:51.567Z" },
]

[[package]]
name = "cachetools"
version = "7.1.7"
source = { registry = "https://pypi.org/simple" }
sdist = { url = "https://files.pythonhosted.org/packages/70/d2/47e8bc06fe2a06d3f5bdf20f1126ab66c4e99dc48d940e7ba873f7ac7131/cachetools-7.1.7.tar.gz", hash = "sha256:a3e2a00b14d8f8a6b70c1dae7b4685e7ad3bc965c5b42124a2d6ce895da6cf50", size = 40680, upload-time = "2026-08-01T21:20:40.434Z" }
wheels = [
    { url = "https://files.pythonhosted.org/packages/e4/d8/767faeda872075724b95dd675466a645f1b92aadcdcf2d1429dcfd76c176/cachetools-7.1.7-py3-none-any.whl", hash = "sha256:ef98ef375ad188819ef2f9b3645e3987f4b8c5b7550e436ad998c2de78296df0", size = 16830, upload-time = "2026-08-01T21:20:38.977Z" },
]

[[package]]
name = "certifi"
version = "2026.7.22"
source = { registry = "https://pypi.org/simple" }
sdist = { url = "https://files.pythonhosted.org/packages/a3/c2/24167ea9858356b47a87a50d39908bfdb72ceeefe0041586e704e5376b3a/certifi-2026.7.22.tar.gz", hash = "sha256:741e2c3b351ddf169a738da9f2c048608ff7f2c5cc02f1ebc6b118bb090d5d55", size = 138112, upload-time = "2026-07-22T03:35:12.644Z" }
wheels = [
    { url = "https://files.pythonhosted.org/packages/0b/a7/71ac2cff56fec219ed242bb11b8efb69fcc4bec75db06fb7bfe35de520e6/certifi-2026.7.22-py3-none-any.whl", hash = "sha256:62f22742b58a1a33014a2b6b706588a8d7e2a88ae7bd1a6ebe8c992928483775", size = 136983, upload-time = "2026-07-22T03:35:11.276Z" },
]

[[package]]
name = "fastapi"
version = "0.116.2"
source = { registry = "https://pypi.org/simple" }
dependencies = [
    { name = "pydantic" },
    { name = "starlette" },
    { name = "typing-extensions" },
]
sdist = { url = "https://files.pythonhosted.org/packages/01/64/1296f46d6b9e3b23fb22e5d01af3f104ef411425531376212f1eefa2794d/fastapi-0.116.2.tar.gz", hash = "sha256:231a6af2fe21cfa2c32730170ad8514985fc250bec16c9b242d3b94c835ef529", size = 298595, upload-time = "2025-09-16T18:29:23.058Z" }
wheels = [
    { url = "https://files.pythonhosted.org/packages/32/e4/c543271a8018874b7f682bf6156863c416e1334b8ed3e51a69495c5d4360/fastapi-0.116.2-py3-none-any.whl", hash = "sha256:c3a7a8fb830b05f7e087d920e0d786ca1fc9892eb4e9a84b227be4c1bc7569db", size = 95670, upload-time = "2025-09-16T18:29:21.329Z" },
]

[[package]]
name = "frozendict"
version = "2.4.7"
source = { registry = "https://pypi.org/simple" }
sdist = { url = "https://files.pythonhosted.org/packages/90/b2/2a3d1374b7780999d3184e171e25439a8358c47b481f68be883c14086b4c/frozendict-2.4.7.tar.gz", hash = "sha256:e478fb2a1391a56c8a6e10cc97c4a9002b410ecd1ac28c18d780661762e271bd", size = 317082, upload-time = "2025-11-11T22:40:14.251Z" }
wheels = [
    { url = "https://files.pythonhosted.org/packages/38/74/f94141b38a51a553efef7f510fc213894161ae49b88bffd037f8d2a7cb2f/frozendict-2.4.7-py3-none-any.whl", hash = "sha256:972af65924ea25cf5b4d9326d549e69a9a4918d8a76a9d3a7cd174d98b237550", size = 16264, upload-time = "2025-11-11T22:40:12.836Z" },
]

[[package]]
name = "geojson"
version = "3.3.0"
source = { registry = "https://pypi.org/simple" }
sdist = { url = "https://files.pythonhosted.org/packages/13/a9/bd61eee2c7904947094b74866b569f3fd5a8d6ac907ecdfecef74b19d459/geojson-3.3.0.tar.gz", hash = "sha256:92e83b9cb378a450b42f1207bb9b2a031f9fc89185f335153c44369b8b8b71fd", size = 25141, upload-time = "2026-05-28T21:48:08.214Z" }
wheels = [
    { url = "https://files.pythonhosted.org/packages/aa/5e/fdd72167b57158d743353f71d453200719744d1e75f18b1c8230508db370/geojson-3.3.0-py3-none-any.whl", hash = "sha256:a2d885187eeaa8b357600b3fcc9d963cb4300d1694196636dbd7eddc82fd0825", size = 15181, upload-time = "2026-05-28T21:48:06.648Z" },
]

[[package]]
name = "h11"
version = "0.16.0"
source = { registry = "https://pypi.org/simple" }
sdist = { url = "https://files.pythonhosted.org/packages/01/ee/02a2c011bdab74c6fb3c75474d40b3052059d95df7e73351460c8588d963/h11-0.16.0.tar.gz", hash = "sha256:4e35b956cf45792e4caa5885e69fba00bdbc6ffafbfa020300e549b208ee5ff1", size = 101250, upload-time = "2025-04-24T03:35:25.427Z" }
wheels = [
    { url = "https://files.pythonhosted.org/packages/04/4b/29cac41a4d98d144bf5f6d33995617b185d14b22401f75ca86f384e87ff1/h11-0.16.0-py3-none-any.whl", hash = "sha256:63cf8bbe7522de3bf65932fda1d9c2772064ffb3dae62d55932da54b31cb6c86", size = 37515, upload-time = "2025-04-24T03:35:24.344Z" },
]

[[package]]
name = "html5lib"
version = "1.1"
source = { registry = "https://pypi.org/simple" }
dependencies = [
    { name = "six" },
    { name = "webencodings" },
]
sdist = { url = "https://files.pythonhosted.org/packages/ac/b6/b55c3f49042f1df3dcd422b7f224f939892ee94f22abcf503a9b7339eaf2/html5lib-1.1.tar.gz", hash = "sha256:b2e5b40261e20f354d198eae92afc10d750afb487ed5e50f9c4eaf07c184146f", size = 272215, upload-time = "2020-06-22T23:32:38.834Z" }
wheels = [
    { url = "https://files.pythonhosted.org/packages/6c/dd/a834df6482147d48e225a49515aabc28974ad5a4ca3215c18a882565b028/html5lib-1.1-py2.py3-none-any.whl", hash = "sha256:0d78f8fde1c230e99fe37986a60526d7049ed4bf8a9fadbad5f00e22e58e041d", size = 112173, upload-time = "2020-06-22T23:32:36.781Z" },
]

[[package]]
name = "httpcore"
version = "1.0.9"
source = { registry = "https://pypi.org/simple" }
dependencies = [
    { name = "certifi" },
    { name = "h11" },
]
sdist = { url = "https://files.pythonhosted.org/packages/06/94/82699a10bca87a5556c9c59b5963f2d039dbd239f25bc2a63907a05a14cb/httpcore-1.0.9.tar.gz", hash = "sha256:6e34463af53fd2ab5d807f399a9b45ea31c3dfa2276f15a2c3f00afff6e176e8", size = 85484, upload-time = "2025-04-24T22:06:22.219Z" }
wheels = [
    { url = "https://files.pythonhosted.org/packages/7e/f5/f66802a942d491edb555dd61e3a9961140fd64c90bce1eafd741609d334d/httpcore-1.0.9-py3-none-any.whl", hash = "sha256:2d400746a40668fc9dec9810239072b40b4484b640a8c38fd654a024c7a1bf55", size = 78784, upload-time = "2025-04-24T22:06:20.566Z" },
]

[[package]]
name = "httpx"
version = "0.27.2"
source = { registry = "https://pypi.org/simple" }
dependencies = [
    { name = "anyio" },
    { name = "certifi" },
    { name = "httpcore" },
    { name = "idna" },
    { name = "sniffio" },
]
sdist = { url = "https://files.pythonhosted.org/packages/78/82/08f8c936781f67d9e6b9eeb8a0c8b4e406136ea4c3d1f89a5db71d42e0e6/httpx-0.27.2.tar.gz", hash = "sha256:f7c2be1d2f3c3c3160d441802406b206c2b76f5947b11115e6df10c6c65e66c2", size = 144189, upload-time = "2024-08-27T12:54:01.334Z" }
wheels = [
    { url = "https://files.pythonhosted.org/packages/56/95/9377bcb415797e44274b51d46e3249eba641711cf3348050f76ee7b15ffc/httpx-0.27.2-py3-none-any.whl", hash = "sha256:7bb2708e112d8fdd7829cd4243970f0c223274051cb35ee80c03301ee29a3df0", size = 76395, upload-time = "2024-08-27T12:53:59.653Z" },
]

[[package]]
name = "idna"
version = "3.19"
source = { registry = "https://pypi.org/simple" }
sdist = { url = "https://files.pythonhosted.org/packages/5f/f7/abb373e5757eaec4b922b92f97ec8d6d7e057cf06778247604fbc4e7c3f3/idna-3.19.tar.gz", hash = "sha256:5e0811a4383b21dc5838069f801c4fb62113b7447663d2530d2bd6e77b49bf15", size = 215237, upload-time = "2026-08-18T05:14:24.27Z" }
wheels = [
    { url = "https://files.pythonhosted.org/packages/57/b0/0e52c878c53f245edd3a11020f20979b3f490f245af532c7cae3027754b5/idna-3.19-py3-none-any.whl", hash = "sha256:815e7be7a7806d54abb586dc943addc79e8b2ee16915059658cbeff4b1b43bf4", size = 68550, upload-time = "2026-08-18T05:14:22.343Z" },
]

[[package]]
name = "jinja2"
version = "3.1.6"
source = { registry = "https://pypi.org/simple" }
dependencies = [
    { name = "markupsafe" },
]
sdist = { url = "https://files.pythonhosted.org/packages/df/bf/f7da0350254c0ed7c72f3e33cef02e048281fec7ecec5f032d4aac52226b/jinja2-3.1.6.tar.gz", hash = "sha256:0137fb05990d35f1275a587e9aee6d56da821fc83491a0fb838183be43f66d6d", size = 245115, upload-time = "2025-03-05T20:05:02.478Z" }
wheels = [
    { url = "https://files.pythonhosted.org/packages/62/a1/3d680cbfd5f4b8f15abc1d571870c5fc3e594bb582bc3b64ea099db13e56/jinja2-3.1.6-py3-none-any.whl", hash = "sha256:85ece4451f492d0c13c5dd7c13a64681a86afae63a5f347908daf103ce6d2f67", size = 134899, upload-time = "2025-03-05T20:05:00.369Z" },
]

[[package]]
name = "lxml"
version = "6.1.2"
source = { registry = "https://pypi.org/simple" }
sdist = { url = "https://files.pythonhosted.org/packages/ad/a9/970b8fa0ecc4fbf1dfaed0d89bbc1fc1421b25ec26a2038c91e872dc6c8e/lxml-6.1.2.tar.gz", hash = "sha256:1055241852f2b02068af4a625a5d32c087db193c12251928af2562ecd2239f18", size = 4210626, upload-time = "2026-08-19T04:58:15.341Z" }
wheels = [
    { url = "https://files.pythonhosted.org/packages/ee/a4/55eb54507073089ab27743c5da2113c84f0d0b1715b33175fdd943c9652d/lxml-6.1.2-cp312-cp312-macosx_10_13_universal2.whl", hash = "sha256:7d506bdba580ecb1a6ad2e2b5c49445e66d3e1f95894885739094393a1aad237", size = 8602111, upload-time = "2026-08-19T04:58:28.017Z" },
    { url = "https://files.pythonhosted.org/packages/bc/bf/6332f45d78da385bb01d5cac3fe4acda19f025d1307cbc7ad538355fecbb/lxml-6.1.2-cp312-cp312-macosx_10_13_x86_64.whl", hash = "sha256:12acd337d2821cb8b9247dfe4b7aa2f2769a3df5ae8511b7e550df42b8f4d3c3", size = 4638376, upload-time = "2026-08-19T04:58:41.181Z" },
    { url = "https://files.pythonhosted.org/packages/68/e0/21fba0fe74d417fbe976903ae6bc77e92cdce01aae7b636abd87756f4588/lxml-6.1.2-cp312-cp312-manylinux2014_aarch64.manylinux_2_17_aarch64.whl", hash = "sha256:5078ff51e6316c0f75ea8127c2cd24374747fb351f62fb93d1761f8ae5a04a40", size = 4939689, upload-time = "2026-08-19T04:58:48.526Z" },
    { url = "https://files.pythonhosted.org/packages/de/e5/ce3e885264fdd0bdcb6b49c1ea1842f94281b39e4ff956099e8d57532c60/lxml-6.1.2-cp312-cp312-manylinux2014_x86_64.manylinux_2_17_x86_64.whl", hash = "sha256:9477e14217c212e6023c994a71a1a349db19b0e10fd5bf189666b281ae63b1fd", size = 5105185, upload-time = "2026-08-19T04:59:15.533Z" },
    { url = "https://files.pythonhosted.org/packages/e6/b6/990a8446c488c70fa25681e150de94b7bf2eaaf387e374d195ab3c8faafb/lxml-6.1.2-cp312-cp312-manylinux_2_26_aarch64.manylinux_2_28_aarch64.whl", hash = "sha256:261d98065326676d7253882db0198d0aa06748d7ee0443367acf10b148273f99", size = 5011863, upload-time = "2026-08-19T04:59:50.58Z" },
    { url = "https://files.pythonhosted.org/packages/bb/6a/f70f41363dae27e3bfd6224b128f5ba150874bd32ca4938552930ffa33b0/lxml-6.1.2-cp312-cp312-manylinux_2_26_ppc64le.manylinux_2_28_ppc64le.whl", hash = "sha256:0666943ee1576fa890a6dc6316ef42e8241b5dd56f67bc5475acb2ac298c6ca9", size = 5638234, upload-time = "2026-08-19T05:00:00.802Z" },
    { url = "https://files.pythonhosted.org/packages/3d/e0/a65b64f34d556925faef2c4f14167d58c571bc15a3e1f2bba71138830562/lxml-6.1.2-cp312-cp312-manylinux_2_26_x86_64.manylinux_2_28_x86_64.whl", hash = "sha256:04cf9e3f4ee9cab9d9ba05401bef8668840fa9620fcd4d8e85a2d2fd0b0fa960", size = 5244532, upload-time = "2026-08-19T05:00:07.516Z" },
    { url = "https://files.pythonhosted.org/packages/c6/a9/471552e015e954fc9d960aa27c3d67ebf489683d03f033399a790417c67c/lxml-6.1.2-cp312-cp312-manylinux_2_28_i686.whl", hash = "sha256:9429d2371d406344ed1da5b5686d9412e74137c07b0171278368ff704f470ed5", size = 5358194, upload-time = "2026-08-19T05:00:22.747Z" },
    { url = "https://files.pythonhosted.org/packages/d7/0f/bc6248fbec2cc416f102b1267f1567e07510f6fa909bbe8cd2a22d6fb78e/lxml-6.1.2-cp312-cp312-manylinux_2_31_armv7l.whl", hash = "sha256:eff128ffdc093cc6317955934ad9751105d37ed8dbca3ff4ccd751af6be37185", size = 4704432, upload-time = "2026-08-19T05:00:51.115Z" },
    { url = "https://files.pythonhosted.org/packages/a9/3f/cec859f50e63f1fa338fab43d2362d7543e1237f2475960d8ab0769de0eb/lxml-6.1.2-cp312-cp312-manylinux_2_38_riscv64.manylinux_2_39_riscv64.whl", hash = "sha256:ba58574d710b82ead7cbedea01cac3e110bc3ef82d4731519b74a2c11f7cf5e9", size = 5255038, upload-time = "2026-08-19T05:00:58.895Z" },
    { url = "https://files.pythonhosted.org/packages/7c/d9/2ced0cf2967115f92a1b8b3ae6bd18763abc3ebef88c98cf25145fda396c/lxml-6.1.2-cp312-cp312-musllinux_1_2_aarch64.whl", hash = "sha256:52f6d4dff133c9778a24e9a2cfc1608930b15869866171aacc5131b5a418a003", size = 5054481, upload-time = "2026-08-19T05:01:10.096Z" },
    { url = "https://files.pythonhosted.org/packages/d5/f5/4f07386d3c88673daeec3b8cc09a2a4d39fa01c1fc49009791b0746d97fa/lxml-6.1.2-cp312-cp312-musllinux_1_2_armv7l.whl", hash = "sha256:8807998c1023d1e9d60e02500f90e85a0752dbc0b670989806bba87b82dd5b42", size = 4785535, upload-time = "2026-08-19T05:01:18.909Z" },
    { url = "https://files.pythonhosted.org/packages/9a/5a/f4fe3ecbc189f48fba2547c5db5c940a10151d3e86b856a60a533a77e816/lxml-6.1.2-cp312-cp312-musllinux_1_2_ppc64le.whl", hash = "sha256:2170d0a280c877b6e2dc6738217db947be35dd8cf09ca458b355aa1bab2a9e70", size = 5655337, upload-time = "2026-08-19T05:01:41.324Z" },
    { url = "https://files.pythonhosted.org/packages/92/c4/f586aa1bf27bfbace2dfdbb704da5c52f0bdece8ee440c8fb4946c940b2e/lxml-6.1.2-cp312-cp312-musllinux_1_2_riscv64.whl", hash = "sha256:c67f3c1278f942e97d8665c2a690324aaea5137de16f056583a21f0ac706177f", size = 5245778, upload-time = "2026-08-19T05:01:45.227Z" },
    { url = "https://files.pythonhosted.org/packages/18/a1/677494bbaef4d6db5e4633af817414f478865850b55c03ae4bf70fa7b8ca/lxml-6.1.2-cp312-cp312-musllinux_1_2_x86_64.whl", hash = "sha256:093fbf547d0f3ca02705381f795a050fbb58988be4aac7f79f99f280c4082313", size = 5267274, upload-time = "2026-08-19T05:01:57.687Z" },
    { url = "https://files.pythonhosted.org/packages/5a/71/b71425b8764d4cb7c92eb970483be7d5610dce2a6316242b5aaae7d260be/lxml-6.1.2-cp312-cp312-win32.whl", hash = "sha256:be365ce8d2d411cf2fb573747684b4fd470fa6224e0094d9d5a21155acc369d3", size = 3602563, upload-time = "2026-08-19T05:02:01.837Z" },
    { url = "https://files.pythonhosted.org/packages/1b/fb/909584e16d2148c1a252cc2c32dd99fe0e2682459c586d3d7a192e74a0ae/lxml-6.1.2-cp312-cp312-win_amd64.whl", hash = "sha256:b97153ca609b434b712ddfb92cd6af101a7045a7724c542258bd4727a344472f", size = 4005965, upload-time = "2026-08-19T05:02:07.157Z" },
    { url = "https://files.pythonhosted.org/packages/5f/8d/41207c9212caad0b52749e34739fb9bfab67486729f52a8fe9bd9266fee6/lxml-6.1.2-cp312-cp312-win_arm64.whl", hash = "sha256:7feb72424f19a893ae4f3373c7aae821b1aacb6076b708915c651f0683a97c49", size = 3666641, upload-time = "2026-08-19T05:02:11.3Z" },
]

[[package]]
name = "markupsafe"
version = "3.0.3"
source = { registry = "https://pypi.org/simple" }
sdist = { url = "https://files.pythonhosted.org/packages/7e/99/7690b6d4034fffd95959cbe0c02de8deb3098cc577c67bb6a24fe5d7caa7/markupsafe-3.0.3.tar.gz", hash = "sha256:722695808f4b6457b320fdc131280796bdceb04ab50fe1795cd540799ebe1698", size = 80313, upload-time = "2025-09-27T18:37:40.426Z" }
wheels = [
    { url = "https://files.pythonhosted.org/packages/5a/72/147da192e38635ada20e0a2e1a51cf8823d2119ce8883f7053879c2199b5/markupsafe-3.0.3-cp312-cp312-macosx_10_13_x86_64.whl", hash = "sha256:d53197da72cc091b024dd97249dfc7794d6a56530370992a5e1a08983ad9230e", size = 11615, upload-time = "2025-09-27T18:36:30.854Z" },
    { url = "https://files.pythonhosted.org/packages/9a/81/7e4e08678a1f98521201c3079f77db69fb552acd56067661f8c2f534a718/markupsafe-3.0.3-cp312-cp312-macosx_11_0_arm64.whl", hash = "sha256:1872df69a4de6aead3491198eaf13810b565bdbeec3ae2dc8780f14458ec73ce", size = 12020, upload-time = "2025-09-27T18:36:31.971Z" },
    { url = "https://files.pythonhosted.org/packages/1e/2c/799f4742efc39633a1b54a92eec4082e4f815314869865d876824c257c1e/markupsafe-3.0.3-cp312-cp312-manylinux2014_aarch64.manylinux_2_17_aarch64.manylinux_2_28_aarch64.whl", hash = "sha256:3a7e8ae81ae39e62a41ec302f972ba6ae23a5c5396c8e60113e9066ef893da0d", size = 24332, upload-time = "2025-09-27T18:36:32.813Z" },
    { url = "https://files.pythonhosted.org/packages/3c/2e/8d0c2ab90a8c1d9a24f0399058ab8519a3279d1bd4289511d74e909f060e/markupsafe-3.0.3-cp312-cp312-manylinux2014_x86_64.manylinux_2_17_x86_64.manylinux_2_28_x86_64.whl", hash = "sha256:d6dd0be5b5b189d31db7cda48b91d7e0a9795f31430b7f271219ab30f1d3ac9d", size = 22947, upload-time = "2025-09-27T18:36:33.86Z" },
    { url = "https://files.pythonhosted.org/packages/2c/54/887f3092a85238093a0b2154bd629c89444f395618842e8b0c41783898ea/markupsafe-3.0.3-cp312-cp312-manylinux_2_31_riscv64.manylinux_2_39_riscv64.whl", hash = "sha256:94c6f0bb423f739146aec64595853541634bde58b2135f27f61c1ffd1cd4d16a", size = 21962, upload-time = "2025-09-27T18:36:35.099Z" },
    { url = "https://files.pythonhosted.org/packages/c9/2f/336b8c7b6f4a4d95e91119dc8521402461b74a485558d8f238a68312f11c/markupsafe-3.0.3-cp312-cp312-musllinux_1_2_aarch64.whl", hash = "sha256:be8813b57049a7dc738189df53d69395eba14fb99345e0a5994914a3864c8a4b", size = 23760, upload-time = "2025-09-27T18:36:36.001Z" },
    { url = "https://files.pythonhosted.org/packages/32/43/67935f2b7e4982ffb50a4d169b724d74b62a3964bc1a9a527f5ac4f1ee2b/markupsafe-3.0.3-cp312-cp312-musllinux_1_2_riscv64.whl", hash = "sha256:83891d0e9fb81a825d9a6d61e3f07550ca70a076484292a70fde82c4b807286f", size = 21529, upload-time = "2025-09-27T18:36:36.906Z" },
    { url = "https://files.pythonhosted.org/packages/89/e0/4486f11e51bbba8b0c041098859e869e304d1c261e59244baa3d295d47b7/markupsafe-3.0.3-cp312-cp312-musllinux_1_2_x86_64.whl", hash = "sha256:77f0643abe7495da77fb436f50f8dab76dbc6e5fd25d39589a0f1fe6548bfa2b", size = 23015, upload-time = "2025-09-27T18:36:37.868Z" },
    { url = "https://files.pythonhosted.org/packages/2f/e1/78ee7a023dac597a5825441ebd17170785a9dab23de95d2c7508ade94e0e/markupsafe-3.0.3-cp312-cp312-win32.whl", hash = "sha256:d88b440e37a16e651bda4c7c2b930eb586fd15ca7406cb39e211fcff3bf3017d", size = 14540, upload-time = "2025-09-27T18:36:38.761Z" },
    { url = "https://files.pythonhosted.org/packages/aa/5b/bec5aa9bbbb2c946ca2733ef9c4ca91c91b6a24580193e891b5f7dbe8e1e/markupsafe-3.0.3-cp312-cp312-win_amd64.whl", hash = "sha256:26a5784ded40c9e318cfc2bdb30fe164bdb8665ded9cd64d500a34fb42067b1c", size = 15105, upload-time = "2025-09-27T18:36:39.701Z" },
    { url = "https://files.pythonhosted.org/packages/e5/f1/216fc1bbfd74011693a4fd837e7026152e89c4bcf3e77b6692fba9923123/markupsafe-3.0.3-cp312-cp312-win_arm64.whl", hash = "sha256:35add3b638a5d900e807944a078b51922212fb3dedb01633a8defc4b01a3c85f", size = 13906, upload-time = "2025-09-27T18:36:40.689Z" },
]

[[package]]
name = "ospd-prez-function"
version = "0.1.0"
source = { virtual = "." }
dependencies = [
    { name = "azure-functions" },
    { name = "prez" },
]

[package.metadata]
requires-dist = [
    { name = "azure-functions", specifier = ">=1.23.0,<2" },
    { name = "prez", git = "https://github.com/RDFLib/prez.git?rev=v4.23.7" },
]

[package.metadata.requires-dev]
dev = []

[[package]]
name = "owlrl"
version = "6.0.2"
source = { registry = "https://pypi.org/simple" }
dependencies = [
    { name = "rdflib" },
]
sdist = { url = "https://files.pythonhosted.org/packages/7d/c7/208aece36279e4f1236e437119358786e39530ecc1719d4e1afeddba5288/owlrl-6.0.2.tar.gz", hash = "sha256:904e3310ff4df15101475776693d2427d1f8244ee9a6a9f9e13c3c57fae90b74", size = 57179, upload-time = "2021-10-10T12:52:04.161Z" }
wheels = [
    { url = "https://files.pythonhosted.org/packages/9d/56/11fe63c2c317347f69be17e9ece1991e0ec6c2cdb8225c0baa5b96e283ed/owlrl-6.0.2-py3-none-any.whl", hash = "sha256:57eca06b221edbbc682376c8d42e2ddffc99f61e82c0da02e26735592f08bacc", size = 54516, upload-time = "2021-10-10T12:52:01.711Z" },
]

[[package]]
name = "oxrdflib"
version = "0.5.0"
source = { registry = "https://pypi.org/simple" }
dependencies = [
    { name = "pyoxigraph" },
    { name = "rdflib" },
]
sdist = { url = "https://files.pythonhosted.org/packages/ec/97/589f244d9a12e033f5216595ef17e7975aabe7f906f709a3a8d1cde37288/oxrdflib-0.5.0.tar.gz", hash = "sha256:f83148e2c6d443f7718c6e8936c6b89e36ebb4f1002da69e8f0656e8fb5a0df2", size = 7708, upload-time = "2025-09-13T19:11:32.584Z" }
wheels = [
    { url = "https://files.pythonhosted.org/packages/c6/f7/9cee8d87f202f88d93179db083508c898deac42b235ff20ade1f456770a1/oxrdflib-0.5.0-py3-none-any.whl", hash = "sha256:dbe7b57bddca1b2acaf93c71ce3cf2022be8e673052e05ad317682cb9c56b559", size = 9925, upload-time = "2025-09-13T19:11:31.368Z" },
]

[[package]]
name = "packaging"
version = "26.3"
source = { registry = "https://pypi.org/simple" }
sdist = { url = "https://files.pythonhosted.org/packages/7d/fa/3944b40b07da9ce895c0e6303a5ab7d53da063554f534556b134a54d6093/packaging-26.3.tar.gz", hash = "sha256:94edc256424af38762eb31306eed28beb9f0efc50a8837492c9d6fd6004aed79", size = 313412, upload-time = "2026-08-04T18:15:28.737Z" }
wheels = [
    { url = "https://files.pythonhosted.org/packages/63/34/ba1c580383c9eada3711951fef0795c80b829a078d72188184bcab9dd527/packaging-26.3-py3-none-any.whl", hash = "sha256:d7193f7c8e4e93f444fde0262bf90af30e16fa0ad0ad44cb553c87339b23cd1c", size = 129956, upload-time = "2026-08-04T18:15:27.159Z" },
]

[[package]]
name = "prettytable"
version = "3.18.0"
source = { registry = "https://pypi.org/simple" }
dependencies = [
    { name = "wcwidth" },
]
sdist = { url = "https://files.pythonhosted.org/packages/81/74/ba08d81e668ccfe8658d7520a307e63c19862c08eb4ccb26f356c5239a7a/prettytable-3.18.0.tar.gz", hash = "sha256:439217116152244369caf3d9f1caf2f9fe29b03bd79e88d2928c8e718c95d680", size = 76373, upload-time = "2026-06-22T16:07:50.174Z" }
wheels = [
    { url = "https://files.pythonhosted.org/packages/fe/be/2e6798ace5cc036f5d05d36b7b2fd85346f1a708c87060890b070d0ec607/prettytable-3.18.0-py3-none-any.whl", hash = "sha256:b3346e0e6f79180833aebaac088ae926340586cf6d7d991b9eb125b65f72313a", size = 37357, upload-time = "2026-06-22T16:07:48.595Z" },
]

[[package]]
name = "prez"
version = "4.7.5"
source = { git = "https://github.com/RDFLib/prez.git?rev=v4.23.7#421ee0a9fee3b79e8ef8a528ff62309c0151deff" }
dependencies = [
    { name = "aiocache" },
    { name = "fastapi" },
    { name = "httpx" },
    { name = "jinja2" },
    { name = "oxrdflib" },
    { name = "pydantic" },
    { name = "pydantic-settings" },
    { name = "pyld" },
    { name = "pyoxigraph" },
    { name = "python-multipart" },
    { name = "rdf2geojson", extra = ["oxigraph"] },
    { name = "rdflib" },
    { name = "sparql-grammar-pydantic" },
    { name = "toml" },
]

[[package]]
name = "pydantic"
version = "2.13.4"
source = { registry = "https://pypi.org/simple" }
dependencies = [
    { name = "annotated-types" },
    { name = "pydantic-core" },
    { name = "typing-extensions" },
    { name = "typing-inspection" },
]
sdist = { url = "https://files.pythonhosted.org/packages/18/a5/b60d21ac674192f8ab0ba4e9fd860690f9b4a6e51ca5df118733b487d8d6/pydantic-2.13.4.tar.gz", hash = "sha256:c40756b57adaa8b1efeeced5c196f3f3b7c435f90e84ea7f443901bec8099ef6", size = 844775, upload-time = "2026-05-06T13:43:05.343Z" }
wheels = [
    { url = "https://files.pythonhosted.org/packages/fd/7b/122376b1fd3c62c1ed9dc80c931ace4844b3c55407b6fb2d199377c9736f/pydantic-2.13.4-py3-none-any.whl", hash = "sha256:45a282cde31d808236fd7ea9d919b128653c8b38b393d1c4ab335c62924d9aba", size = 472262, upload-time = "2026-05-06T13:43:02.641Z" },
]

[[package]]
name = "pydantic-core"
version = "2.46.4"
source = { registry = "https://pypi.org/simple" }
dependencies = [
    { name = "typing-extensions" },
]
sdist = { url = "https://files.pythonhosted.org/packages/9d/56/921726b776ace8d8f5db44c4ef961006580d91dc52b803c489fafd1aa249/pydantic_core-2.46.4.tar.gz", hash = "sha256:62f875393d7f270851f20523dd2e29f082bcc82292d66db2b64ea71f64b6e1c1", size = 471464, upload-time = "2026-05-06T13:37:06.98Z" }
wheels = [
    { url = "https://files.pythonhosted.org/packages/ce/8c/af022f0af448d7747c5154288d46b5f2bc5f17366eaa0e23e9aa04d59f3b/pydantic_core-2.46.4-cp312-cp312-macosx_10_12_x86_64.whl", hash = "sha256:3245406455a5d98187ec35530fd772b1d799b26667980872c8d4614991e2c4a2", size = 2106158, upload-time = "2026-05-06T13:38:57.215Z" },
    { url = "https://files.pythonhosted.org/packages/19/95/6195171e385007300f0f5574592e467c568becce2d937a0b6804f218bc49/pydantic_core-2.46.4-cp312-cp312-macosx_11_0_arm64.whl", hash = "sha256:962ccbab7b642487b1d8b7df90ef677e03134cf1fd8880bf698649b22a69371f", size = 1951724, upload-time = "2026-05-06T13:37:02.697Z" },
    { url = "https://files.pythonhosted.org/packages/8e/bc/f47d1ff9cbb1620e1b5b697eef06010035735f07820180e74178226b27b3/pydantic_core-2.46.4-cp312-cp312-manylinux_2_17_aarch64.manylinux2014_aarch64.whl", hash = "sha256:8233f2947cf85404441fd7e0085f53b10c93e0ee78611099b5c7237e36aacbf7", size = 1975742, upload-time = "2026-05-06T13:37:09.448Z" },
    { url = "https://files.pythonhosted.org/packages/5b/11/9b9a5b0306345664a2da6410877af6e8082481b5884b3ddd78d47c6013ce/pydantic_core-2.46.4-cp312-cp312-manylinux_2_17_armv7l.manylinux2014_armv7l.whl", hash = "sha256:3a233125ac121aa3ffba9a2b59edfc4a985a76092dc8279586ab4b71390875e7", size = 2052418, upload-time = "2026-05-06T13:37:38.234Z" },
    { url = "https://files.pythonhosted.org/packages/f1/b7/a65fec226f5d78fc39f4a13c4cc0c768c22b113438f60c14adc9d2865038/pydantic_core-2.46.4-cp312-cp312-manylinux_2_17_ppc64le.manylinux2014_ppc64le.whl", hash = "sha256:5b712b53160b79a5850310b912a5ef8e57e56947c8ad690c227f5c9d7e561712", size = 2232274, upload-time = "2026-05-06T13:38:27.753Z" },
    { url = "https://files.pythonhosted.org/packages/68/f0/92039db98b907ef49269a8271f67db9cb78ae2fc68062ef7e4e77adb5f61/pydantic_core-2.46.4-cp312-cp312-manylinux_2_17_s390x.manylinux2014_s390x.whl", hash = "sha256:9401557acd873c3a7f3eb9383edef8ac4968f9510e340f4808d427e75667e7b4", size = 2309940, upload-time = "2026-05-06T13:38:05.353Z" },
    { url = "https://files.pythonhosted.org/packages/5f/97/2aab507d3d00ca626e8e57c1eac6a79e4e5fbcc63eb99733ff55d1717f65/pydantic_core-2.46.4-cp312-cp312-manylinux_2_17_x86_64.manylinux2014_x86_64.whl", hash = "sha256:926c9541b14b12b1681dca8a0b75feb510b06c6341b70a8e500c2fdcff837cce", size = 2094516, upload-time = "2026-05-06T13:39:10.577Z" },
    { url = "https://files.pythonhosted.org/packages/22/37/a8aca44d40d737dde2bc05b3c6c07dff0de07ce6f82e9f3167aeaf4d5dea/pydantic_core-2.46.4-cp312-cp312-manylinux_2_31_riscv64.whl", hash = "sha256:56cb4851bcaf3d117eddcef4fe66afd750a50274b0da8e22be256d10e5611987", size = 2136854, upload-time = "2026-05-06T13:40:22.59Z" },
    { url = "https://files.pythonhosted.org/packages/24/99/fcef1b79238c06a8cbec70819ac722ba76e02bc8ada9b0fd66eba40da01b/pydantic_core-2.46.4-cp312-cp312-manylinux_2_5_i686.manylinux1_i686.whl", hash = "sha256:c68fcd102d71ea85c5b2dfac3f4f8476eff42a9e078fd5faefff6d145063536b", size = 2180306, upload-time = "2026-05-06T13:40:10.666Z" },
    { url = "https://files.pythonhosted.org/packages/ae/6c/fc44000918855b42779d007ae63b0532794739027b2f417321cddbc44f6a/pydantic_core-2.46.4-cp312-cp312-musllinux_1_1_aarch64.whl", hash = "sha256:b2f69dec1725e79a012d920df1707de5caf7ed5e08f3be4435e25803efc47458", size = 2190044, upload-time = "2026-05-06T13:40:43.231Z" },
    { url = "https://files.pythonhosted.org/packages/6b/65/d9cadc9f1920d7a127ad2edba16c1db7916e59719285cd6c94600b0080ba/pydantic_core-2.46.4-cp312-cp312-musllinux_1_1_armv7l.whl", hash = "sha256:8d0820e8192167f80d88d64038e609c31452eeca865b4e1d9950a27a4609b00b", size = 2329133, upload-time = "2026-05-06T13:39:57.365Z" },
    { url = "https://files.pythonhosted.org/packages/d0/cf/c873d91679f3a30bcf5e7ac280ce5573483e72295307685120d0d5ad3416/pydantic_core-2.46.4-cp312-cp312-musllinux_1_1_x86_64.whl", hash = "sha256:fbdb89b3e1c94a30cc5edfce477c6e6a5dc4d8f84665b455c27582f211a1c72c", size = 2374464, upload-time = "2026-05-06T13:38:06.976Z" },
    { url = "https://files.pythonhosted.org/packages/47/bd/6f2fc8188f31bf10590f1e98e7b306336161fac930a8c514cd7bd828c7dc/pydantic_core-2.46.4-cp312-cp312-win32.whl", hash = "sha256:9aa768456404a8bf48a4406685ac2bec8e72b62c69313734fa3b73cf33b3a894", size = 1974823, upload-time = "2026-05-06T13:40:47.985Z" },
    { url = "https://files.pythonhosted.org/packages/40/8c/985c1d41ea1107c2534abd9870e4ed5c8e7669b5c308297835c001e7a1c4/pydantic_core-2.46.4-cp312-cp312-win_amd64.whl", hash = "sha256:e9c26f834c65f5752f3f06cb08cb86a913ceb7274d0db6e267808a708b46bc89", size = 2072919, upload-time = "2026-05-06T13:39:21.153Z" },
    { url = "https://files.pythonhosted.org/packages/c4/ba/f463d006e0c47373ca7ec5e1a261c59dc01ef4d62b2657af925fb0deee3a/pydantic_core-2.46.4-cp312-cp312-win_arm64.whl", hash = "sha256:4fc73cb559bdb54b1134a706a2802a4cddd27a0633f5abb7e53056268751ac6a", size = 2027604, upload-time = "2026-05-06T13:39:03.753Z" },
    { url = "https://files.pythonhosted.org/packages/9d/1d/8987ad40f65ae1432753072f214fb5c74fe47ffbd0698bb9cbbb585664f8/pydantic_core-2.46.4-graalpy312-graalpy250_312_native-macosx_10_12_x86_64.whl", hash = "sha256:1d8ba486450b14f3b1d63bc521d410ec7565e52f887b9fb671791886436a42f7", size = 2095527, upload-time = "2026-05-06T13:39:52.283Z" },
    { url = "https://files.pythonhosted.org/packages/64/d3/84c282a7eee1d3ac4c0377546ef5a1ea436ce26840d9ac3b7ed54a377507/pydantic_core-2.46.4-graalpy312-graalpy250_312_native-macosx_11_0_arm64.whl", hash = "sha256:3009f12e4e90b7f88b4f9adb1b0c4a3d58fe7820f3238c190047209d148026df", size = 1936024, upload-time = "2026-05-06T13:40:15.671Z" },
    { url = "https://files.pythonhosted.org/packages/d7/ca/eac61596cdeb4d7e174d3dc0bd8a6238f14f75f97a24e7b7db4c7e7340a0/pydantic_core-2.46.4-graalpy312-graalpy250_312_native-manylinux_2_17_aarch64.manylinux2014_aarch64.whl", hash = "sha256:ad785e92e6dc634c21555edc8bd6b64957ab844541bcb96a1366c202951ae526", size = 1990696, upload-time = "2026-05-06T13:38:34.717Z" },
    { url = "https://files.pythonhosted.org/packages/fa/c3/7c8b240552251faf6b3a957db200fcfbbcec36763c050428b601e0c9b83b/pydantic_core-2.46.4-graalpy312-graalpy250_312_native-manylinux_2_17_x86_64.manylinux2014_x86_64.whl", hash = "sha256:00c603d540afdd6b80eb39f078f33ebd46211f02f33e34a32d9f053bba711de0", size = 2147590, upload-time = "2026-05-06T13:39:29.883Z" },
]

[[package]]
name = "pydantic-settings"
version = "2.15.0"
source = { registry = "https://pypi.org/simple" }
dependencies = [
    { name = "pydantic" },
    { name = "python-dotenv" },
    { name = "typing-inspection" },
]
sdist = { url = "https://files.pythonhosted.org/packages/68/ca/31c57507b13119d7d3cfa1576dad2911a4861e3be07b579395f4e9d393f9/pydantic_settings-2.15.0.tar.gz", hash = "sha256:694b793e84f766ba76a90ebdefc01d0a9a045dab0382bee70393da93712ad117", size = 261253, upload-time = "2026-08-07T09:24:57.419Z" }
wheels = [
    { url = "https://files.pythonhosted.org/packages/30/a4/2bffa9f8e804325a09867f0e9d30795c80ea9f8d62560bd1b6ad6220eb2f/pydantic_settings-2.15.0-py3-none-any.whl", hash = "sha256:0ba092c291c94baceb5eff768aa0d56400a457585bc0175925a5a5510303da42", size = 69413, upload-time = "2026-08-07T09:24:55.839Z" },
]

[[package]]
name = "pyld"
version = "2.0.4"
source = { registry = "https://pypi.org/simple" }
dependencies = [
    { name = "cachetools" },
    { name = "frozendict" },
    { name = "lxml" },
]
sdist = { url = "https://files.pythonhosted.org/packages/50/0b/d97dddcc079d4961aa38bec1ad444b8a3e39ea0fd5627682cac25d452c82/PyLD-2.0.4.tar.gz", hash = "sha256:311e350f0dbc964311c79c28e86f84e195a81d06fef5a6f6ac2a4f6391ceeacc", size = 70976, upload-time = "2024-02-16T17:35:51.481Z" }
wheels = [
    { url = "https://files.pythonhosted.org/packages/44/cd/80760be197a4bd08e7c136ef4bcb4a2c63fc799d8d91f4c177b21183135e/PyLD-2.0.4-py3-none-any.whl", hash = "sha256:6dab9905644616df33f8755489fc9b354ed7d832d387b7d1974b4fbd3b8d2a89", size = 70868, upload-time = "2024-02-16T17:35:49Z" },
]

[[package]]
name = "pyoxigraph"
version = "0.5.9"
source = { registry = "https://pypi.org/simple" }
sdist = { url = "https://files.pythonhosted.org/packages/30/a8/a06280358352a5fddf8c0753af7ec679a223008448e0602671209db0a390/pyoxigraph-0.5.9.tar.gz", hash = "sha256:fe2bea0f41f5284b6dad99ea718d7ff03600068cdf8736b63a9e6cd05f056b19", size = 5302359, upload-time = "2026-06-18T17:09:13.897Z" }
wheels = [
    { url = "https://files.pythonhosted.org/packages/d2/0f/3ae7a5cf9d4a2fab482ebe807316e18d55fea32cd52f0fff88fa6ece3f58/pyoxigraph-0.5.9-cp312-cp312-manylinux_2_28_aarch64.whl", hash = "sha256:6ab699861035163e89bc512ce20aa6e91b654e4d33114c9f5facab08f0fe3d7e", size = 7684369, upload-time = "2026-06-18T17:08:17.867Z" },
    { url = "https://files.pythonhosted.org/packages/bf/08/ea04c09eb740bee7eeb57ea1769ec4088bfd55b24fc6f931bea317a65512/pyoxigraph-0.5.9-cp312-cp312-manylinux_2_28_x86_64.whl", hash = "sha256:5a8a1b2debadb5fe79f8b89cbe1193e9c0e6fc1cf0c9431b6be706234beeabbe", size = 8202216, upload-time = "2026-06-18T17:08:19.95Z" },
    { url = "https://files.pythonhosted.org/packages/8c/c1/f03ecc4fb5a09b4e6632218dece98073f3c4f0cdfc4823aedaea0186aa82/pyoxigraph-0.5.9-cp312-cp312-win_amd64.whl", hash = "sha256:d04806073905f448a48811b217115e71224be7f1d4075d1f5f5ec07a016f42ae", size = 5388427, upload-time = "2026-06-18T17:08:21.916Z" },
    { url = "https://files.pythonhosted.org/packages/cc/1e/497bd58a038ca83ec289a56d35fcad2183f4a180c787aa04268d2a88d4fd/pyoxigraph-0.5.9-cp312-cp312-win_arm64.whl", hash = "sha256:379bef7f8fc38f638f358b1e12bc5bdc908a0e7d47157f4399bf103c727a66da", size = 5044584, upload-time = "2026-06-18T17:08:23.644Z" },
    { url = "https://files.pythonhosted.org/packages/27/d4/543c3a613f9b39ce06f0c052f36a0c5933157724176c04508e407e73fb98/pyoxigraph-0.5.9-cp38-abi3-macosx_10_14_x86_64.whl", hash = "sha256:8b998bc479a54a8905cdeaad621d0f7fed212abf9f1cbededfde4c51fc8e3bb8", size = 6306670, upload-time = "2026-06-18T17:08:45.616Z" },
    { url = "https://files.pythonhosted.org/packages/7e/28/080334bc7a4540a2102460f55557c04aadf9f2282c15896f4e9d998982d8/pyoxigraph-0.5.9-cp38-abi3-macosx_11_0_arm64.whl", hash = "sha256:5c9f93db5e14a03ac1e3934cece3fb6f7c0a9f4bde33082c72c788c12bf65ba4", size = 5786471, upload-time = "2026-06-18T17:08:48.314Z" },
    { url = "https://files.pythonhosted.org/packages/76/4f/50fd2f11b733eeea8f0c6c7804fc22d1bcf7a43ef8d61a1ad8f18a1f9ce4/pyoxigraph-0.5.9-cp38-abi3-manylinux_2_28_aarch64.whl", hash = "sha256:afe19bd1835a7245caad06cc9bb1a5c861882dc074fdfa24ba2626e3bbf9866a", size = 7683430, upload-time = "2026-06-18T17:08:50.397Z" },
    { url = "https://files.pythonhosted.org/packages/12/d7/80f6d4dd5aa7f02b6020e75216213460b84edd7e32d32155507523a04b2b/pyoxigraph-0.5.9-cp38-abi3-manylinux_2_28_x86_64.whl", hash = "sha256:3bd1925a8185320bcb8c549cccafbb423cc3957513890e6f420b8e355055052a", size = 8204009, upload-time = "2026-06-18T17:08:52.493Z" },
    { url = "https://files.pythonhosted.org/packages/82/94/da29a7d85340f119be878136507a8cbf4640ed5fe2b0dbc68fd67a1f807c/pyoxigraph-0.5.9-cp38-abi3-musllinux_1_2_aarch64.whl", hash = "sha256:f619aac7199b2ba91cade2fe69f64b4c73abb1e6b33735b0ff7205a753e609cd", size = 8865946, upload-time = "2026-06-18T17:08:54.477Z" },
    { url = "https://files.pythonhosted.org/packages/7a/42/222017d65d411f1993585d51b977b65680ecc0edbc28609f702a65107e65/pyoxigraph-0.5.9-cp38-abi3-musllinux_1_2_x86_64.whl", hash = "sha256:09071f6c08b9489723dec96e2d96f64a15b9be2d165d3bbf67d40712884ba7a3", size = 9414073, upload-time = "2026-06-18T17:08:57.435Z" },
    { url = "https://files.pythonhosted.org/packages/f2/8a/7ba44c596afa3377a9c75f6ff76de91e8e45a18df72d17cb74efbb02db92/pyoxigraph-0.5.9-cp38-abi3-win_amd64.whl", hash = "sha256:efd3d03bd2a36f9b0bdf3ce70d76ce5278c481fe961d14c2bb6efcac10f57ae2", size = 5391422, upload-time = "2026-06-18T17:08:59.508Z" },
    { url = "https://files.pythonhosted.org/packages/c5/46/b092a22596c7ed11b0b26b3dade2dede638fc6a3e61ee7e5168aa3481948/pyoxigraph-0.5.9-cp38-abi3-win_arm64.whl", hash = "sha256:94c2a8b52c1ed6e445a235a4f89cd460eea936f399d28df5e9927826bf52f032", size = 5048182, upload-time = "2026-06-18T17:09:01.419Z" },
]

[[package]]
name = "pyparsing"
version = "3.3.2"
source = { registry = "https://pypi.org/simple" }
sdist = { url = "https://files.pythonhosted.org/packages/f3/91/9c6ee907786a473bf81c5f53cf703ba0957b23ab84c264080fb5a450416f/pyparsing-3.3.2.tar.gz", hash = "sha256:c777f4d763f140633dcb6d8a3eda953bf7a214dc4eff598413c070bcdc117cbc", size = 6851574, upload-time = "2026-01-21T03:57:59.36Z" }
wheels = [
    { url = "https://files.pythonhosted.org/packages/10/bd/c038d7cc38edc1aa5bf91ab8068b63d4308c66c4c8bb3cbba7dfbc049f9c/pyparsing-3.3.2-py3-none-any.whl", hash = "sha256:850ba148bd908d7e2411587e247a1e4f0327839c40e2e5e6d05a007ecc69911d", size = 122781, upload-time = "2026-01-21T03:57:55.912Z" },
]

[[package]]
name = "pyshacl"
version = "0.26.0"
source = { registry = "https://pypi.org/simple" }
dependencies = [
    { name = "html5lib" },
    { name = "owlrl" },
    { name = "packaging" },
    { name = "prettytable" },
    { name = "rdflib" },
]
sdist = { url = "https://files.pythonhosted.org/packages/e3/01/0c77a83e251753fda65b1b1126cbdfc201200ecd38d300f87281c86849a9/pyshacl-0.26.0.tar.gz", hash = "sha256:48d44f317cd9aad8e3fdb5df8aa5706fa92dc6b2746419698035e84a320fb89d", size = 1298227, upload-time = "2024-05-20T23:09:39.401Z" }
wheels = [
    { url = "https://files.pythonhosted.org/packages/7f/72/c63543a6d4a9c012c9d23dd684db5d30a7aa2ea01ff58e8518169d4f8a13/pyshacl-0.26.0-py3-none-any.whl", hash = "sha256:a4bef4296d56305a30e0a97509e541ebe4f2cc2d5da73536d0541233e28f2d22", size = 1223276, upload-time = "2024-05-20T23:09:35.585Z" },
]

[[package]]
name = "python-dotenv"
version = "1.2.3"
source = { registry = "https://pypi.org/simple" }
sdist = { url = "https://files.pythonhosted.org/packages/6a/53/ed9d74092561d4b01a2ef1349d52cdbc135e526c245f366b089cfca6de49/python_dotenv-1.2.3.tar.gz", hash = "sha256:a20a594dabeaa385725aa239d5244871c143ecb356add8a20fcf23773a6c3a35", size = 58945, upload-time = "2026-08-16T16:54:54.067Z" }
wheels = [
    { url = "https://files.pythonhosted.org/packages/0d/17/c5c6b53ddc18f297992099b3d9ec16c855c0ccc83263a21fe4d1c625ec6c/python_dotenv-1.2.3-py3-none-any.whl", hash = "sha256:904552145e8bfed22162c09dab1c2b9b54fefa7b23ba780f4f26ca0316b0f0d9", size = 22780, upload-time = "2026-08-16T16:54:52.473Z" },
]

[[package]]
name = "python-multipart"
version = "0.0.20"
source = { registry = "https://pypi.org/simple" }
sdist = { url = "https://files.pythonhosted.org/packages/f3/87/f44d7c9f274c7ee665a29b885ec97089ec5dc034c7f3fafa03da9e39a09e/python_multipart-0.0.20.tar.gz", hash = "sha256:8dd0cab45b8e23064ae09147625994d090fa46f5b0d1e13af944c331a7fa9d13", size = 37158, upload-time = "2024-12-16T19:45:46.972Z" }
wheels = [
    { url = "https://files.pythonhosted.org/packages/45/58/38b5afbc1a800eeea951b9285d3912613f2603bdf897a4ab0f4bd7f405fc/python_multipart-0.0.20-py3-none-any.whl", hash = "sha256:8a62d3a8335e06589fe01f2a3e178cdcc632f3fbe0d492ad9ee0ec35aab1f104", size = 24546, upload-time = "2024-12-16T19:45:44.423Z" },
]

[[package]]
name = "rdf2geojson"
version = "0.9.0"
source = { git = "https://github.com/Kurrawong/rdf2geojson.git?rev=v0.9.0#73d7740db73a1f0b0437d7af8e4c43dbf1084795" }
dependencies = [
    { name = "geojson" },
    { name = "pyshacl" },
    { name = "rdflib" },
]

[package.optional-dependencies]
oxigraph = [
    { name = "pyoxigraph" },
]

[[package]]
name = "rdflib"
version = "7.6.0"
source = { registry = "https://pypi.org/simple" }
dependencies = [
    { name = "pyparsing" },
]
sdist = { url = "https://files.pythonhosted.org/packages/98/f5/18bb77b7af9526add0c727a3b2048959847dc5fb030913e2918bf384fec3/rdflib-7.6.0.tar.gz", hash = "sha256:6c831288d5e4a5a7ece85d0ccde9877d512a3d0f02d7c06455d00d6d0ea379df", size = 4943826, upload-time = "2026-02-13T07:15:55.938Z" }
wheels = [
    { url = "https://files.pythonhosted.org/packages/10/c2/6604a71269e0c1bd75656d5a001432d16f2cc5b8c057140ec797155c295e/rdflib-7.6.0-py3-none-any.whl", hash = "sha256:30c0a3ebf4c0e09215f066be7246794b6492e054e782d7ac2a34c9f70a15e0dd", size = 615416, upload-time = "2026-02-13T07:15:46.487Z" },
]

[[package]]
name = "six"
version = "1.17.0"
source = { registry = "https://pypi.org/simple" }
sdist = { url = "https://files.pythonhosted.org/packages/94/e7/b2c673351809dca68a0e064b6af791aa332cf192da575fd474ed7d6f16a2/six-1.17.0.tar.gz", hash = "sha256:ff70335d468e7eb6ec65b95b99d3a2836546063f63acc5171de367e834932a81", size = 34031, upload-time = "2024-12-04T17:35:28.174Z" }
wheels = [
    { url = "https://files.pythonhosted.org/packages/b7/ce/149a00dd41f10bc29e5921b496af8b574d8413afcd5e30dfa0ed46c2cc5e/six-1.17.0-py2.py3-none-any.whl", hash = "sha256:4721f391ed90541fddacab5acf947aa0d3dc7d27b2e1e8eda2be8970586c3274", size = 11050, upload-time = "2024-12-04T17:35:26.475Z" },
]

[[package]]
name = "sniffio"
version = "1.3.1"
source = { registry = "https://pypi.org/simple" }
sdist = { url = "https://files.pythonhosted.org/packages/a2/87/a6771e1546d97e7e041b6ae58d80074f81b7d5121207425c964ddf5cfdbd/sniffio-1.3.1.tar.gz", hash = "sha256:f4324edc670a0f49750a81b895f35c3adb843cca46f0530f79fc1babb23789dc", size = 20372, upload-time = "2024-02-25T23:20:04.057Z" }
wheels = [
    { url = "https://files.pythonhosted.org/packages/e9/44/75a9c9421471a6c4805dbf2356f7c181a29c1879239abab1ea2cc8f38b40/sniffio-1.3.1-py3-none-any.whl", hash = "sha256:2f6da418d1f1e0fddd844478f41680e794e6051915791a034ff65e5f100525a2", size = 10235, upload-time = "2024-02-25T23:20:01.196Z" },
]

[[package]]
name = "sparql-grammar-pydantic"
version = "0.1.11"
source = { registry = "https://pypi.org/simple" }
dependencies = [
    { name = "pydantic" },
    { name = "rdflib" },
]
sdist = { url = "https://files.pythonhosted.org/packages/85/7c/fc4e75ade3ca3b97ef71e247e5be8541bad4be6c5d95022b49952ff74786/sparql_grammar_pydantic-0.1.11.tar.gz", hash = "sha256:615d14c8afa019b6558f9bb6e3778db9cec168e257c24e7cc8ffef3711868f79", size = 14365, upload-time = "2025-07-06T06:13:38.719Z" }
wheels = [
    { url = "https://files.pythonhosted.org/packages/49/6f/77ba3830079380170a78ea85384a750a284a47e20b3c3ed4f1b19a870ffd/sparql_grammar_pydantic-0.1.11-py3-none-any.whl", hash = "sha256:7343aa2c82cdac3dcad94a2b34b65f30ebff5ab2e8180e4515f35161775be2c3", size = 15717, upload-time = "2025-07-06T06:13:37.269Z" },
]

[[package]]
name = "starlette"
version = "0.48.0"
source = { registry = "https://pypi.org/simple" }
dependencies = [
    { name = "anyio" },
    { name = "typing-extensions" },
]
sdist = { url = "https://files.pythonhosted.org/packages/a7/a5/d6f429d43394057b67a6b5bbe6eae2f77a6bf7459d961fdb224bf206eee6/starlette-0.48.0.tar.gz", hash = "sha256:7e8cee469a8ab2352911528110ce9088fdc6a37d9876926e73da7ce4aa4c7a46", size = 2652949, upload-time = "2025-09-13T08:41:05.699Z" }
wheels = [
    { url = "https://files.pythonhosted.org/packages/be/72/2db2f49247d0a18b4f1bb9a5a39a0162869acf235f3a96418363947b3d46/starlette-0.48.0-py3-none-any.whl", hash = "sha256:0764ca97b097582558ecb498132ed0c7d942f233f365b86ba37770e026510659", size = 73736, upload-time = "2025-09-13T08:41:03.869Z" },
]

[[package]]
name = "toml"
version = "0.10.2"
source = { registry = "https://pypi.org/simple" }
sdist = { url = "https://files.pythonhosted.org/packages/be/ba/1f744cdc819428fc6b5084ec34d9b30660f6f9daaf70eead706e3203ec3c/toml-0.10.2.tar.gz", hash = "sha256:b3bda1d108d5dd99f4a20d24d9c348e91c4db7ab1b749200bded2f839ccbe68f", size = 22253, upload-time = "2020-11-01T01:40:22.204Z" }
wheels = [
    { url = "https://files.pythonhosted.org/packages/44/6f/7120676b6d73228c96e17f1f794d8ab046fc910d781c8d151120c3f1569e/toml-0.10.2-py2.py3-none-any.whl", hash = "sha256:806143ae5bfb6a3c6e736a764057db0e6a0e05e338b5630894a5f779cabb4f9b", size = 16588, upload-time = "2020-11-01T01:40:20.672Z" },
]

[[package]]
name = "typing-extensions"
version = "4.16.0"
source = { registry = "https://pypi.org/simple" }
sdist = { url = "https://files.pythonhosted.org/packages/f6/cc/6253133b5bb138fc3306cebfbda2c520f545d36b5be2c7255cc528bb45d6/typing_extensions-4.16.0.tar.gz", hash = "sha256:dc983d19a509c94dba722ee6abd33940f7c05a89e243c47e907eb4db6f1a43e5", size = 113555, upload-time = "2026-07-02T08:40:05.92Z" }
wheels = [
    { url = "https://files.pythonhosted.org/packages/49/d3/b8441a820a491ddfc024b0b0cf0393375b75ea13866d9c66727e54c2fc80/typing_extensions-4.16.0-py3-none-any.whl", hash = "sha256:481caa481374e813c1b176ada14e97f1f67a4539ce9cfeb3f350d78d6370c2e8", size = 45571, upload-time = "2026-07-02T08:40:04.659Z" },
]

[[package]]
name = "typing-inspection"
version = "0.4.4"
source = { registry = "https://pypi.org/simple" }
dependencies = [
    { name = "typing-extensions" },
]
sdist = { url = "https://files.pythonhosted.org/packages/a3/26/b09b8010994eccc3c09092e6b34058f36a460eea2d4c3e8b910c695975a0/typing_inspection-0.4.4.tar.gz", hash = "sha256:547274fa6b0a561ccf549cc9524b999a578e737d015d8709d021f9d0d13bea47", size = 76928, upload-time = "2026-08-12T12:37:25.997Z" }
wheels = [
    { url = "https://files.pythonhosted.org/packages/67/81/4add07e5172b7ac40d8ed5ff580409a7801a4fe26d529bdd915401dabfbe/typing_inspection-0.4.4-py3-none-any.whl", hash = "sha256:65b8397ba37ccbce054456aaccddfc91e6e3083c92824df348d96ca832f3f147", size = 14750, upload-time = "2026-08-12T12:37:24.648Z" },
]

[[package]]
name = "wcwidth"
version = "0.8.2"
source = { registry = "https://pypi.org/simple" }
sdist = { url = "https://files.pythonhosted.org/packages/34/74/c6428f875774288bec1396f5bfcbc2d925700a4dad61727fd5f2b12f249d/wcwidth-0.8.2.tar.gz", hash = "sha256:91fbef97204b96a3d4d421609b80340b760cf33e26da123ff243d76b1fda8dda", size = 1466253, upload-time = "2026-06-29T18:11:11.601Z" }
wheels = [
    { url = "https://files.pythonhosted.org/packages/96/42/3e5985a0a7e57de470b320c6d6a1a67c844f6737a587f3d44dd13d1819e7/wcwidth-0.8.2-py3-none-any.whl", hash = "sha256:d63947694a0539a1d51e01eda7caf800c291020e6cdd7e28ad7b14dd33ad4f85", size = 323166, upload-time = "2026-06-29T18:11:09.888Z" },
]

[[package]]
name = "webencodings"
version = "0.6.1"
source = { registry = "https://pypi.org/simple" }
sdist = { url = "https://files.pythonhosted.org/packages/d5/a0/8fd707bcb776a7be556bad06a2ea5fb9bd519df78ef8e26f70ccf0f38bff/webencodings-0.6.1.tar.gz", hash = "sha256:565f9ad031c702dae404e27a099e3e09186a3ab1b9520f06d215502b651fd910", size = 15001, upload-time = "2026-08-15T14:22:57.549Z" }
wheels = [
    { url = "https://files.pythonhosted.org/packages/77/c6/040cbc72480d789a5f40d63fb484d3106554c4dfa2d2b70ad5022057750f/webencodings-0.6.1-py3-none-any.whl", hash = "sha256:7fab6269c8bf237c657876b52058ccb182e861518d1c695c1a9aaa8c1c105d5b", size = 8745, upload-time = "2026-08-15T14:22:56.31Z" },
]

[[package]]
name = "werkzeug"
version = "3.1.8"
source = { registry = "https://pypi.org/simple" }
dependencies = [
    { name = "markupsafe" },
]
sdist = { url = "https://files.pythonhosted.org/packages/dd/b2/381be8cfdee792dd117872481b6e378f85c957dd7c5bca38897b08f765fd/werkzeug-3.1.8.tar.gz", hash = "sha256:9bad61a4268dac112f1c5cd4630a56ede601b6ed420300677a869083d70a4c44", size = 875852, upload-time = "2026-04-02T18:49:14.268Z" }
wheels = [
    { url = "https://files.pythonhosted.org/packages/93/8c/2e650f2afeb7ee576912636c23ddb621c91ac6a98e66dc8d29c3c69446e1/werkzeug-3.1.8-py3-none-any.whl", hash = "sha256:63a77fb8892bf28ebc3178683445222aa500e48ebad5ec77b0ad80f8726b1f50", size = 226459, upload-time = "2026-04-02T18:49:12.72Z" },
]
